{
  "name": "avmswiss-10031.05-arduino-projekt-8357382843c7",
  "version": "1.0.0",
  "lockfileVersion": 3,
  "requires": true,
  "packages": {
    "": {
      "name": "avmswiss-10031.05-arduino-projekt-8357382843c7",
      "version": "1.0.0",
      "license": "ISC",
      "dependencies": {
        "@pureui/core": "^0.0.1"
      }
    },
    "node_modules/@pureui/core": {
      "version": "0.0.1",
      "resolved": "https://registry.npmjs.org/@pureui/core/-/core-0.0.1.tgz",
      "integrity": "sha512-O4RRziOPAu5j+oUAUSEHAZPtcS6Y3XOuQ2HSR3kO40jvEBtrTAFwFEu9zQByu/kfvBE+ikAO2I26nYrdeZa6nQ=="
    }
  }
}
